
Microsoft Visual Studio Solution File, Format Version 12.00
# Visual Studio Version 16
VisualStudioVersion = 16.0.30523.141
MinimumVisualStudioVersion = 10.0.40219.1
Project("{FAE04EC0-301F-11D3-BF4B-00C04F79EFBC}") = "NoBorderForm", "NoBorderForm\NoBorderForm.csproj", "{0E9630A6-8C9D-478F-BCE6-6AF130C150F4}"
EndProject
Global
	GlobalSection(SolutionConfigurationPlatforms) = preSolution
		Debug|Any CPU = Debug|Any CPU
		Release|Any CPU = Release|Any CPU
	EndGlobalSection
	GlobalSection(ProjectConfigurationPlatforms) = postSolution
		{0E9630A6-8C9D-478F-BCE6-6AF130C150F4}.Debug|Any CPU.ActiveCfg = Debug|Any CPU
		{0E9630A6-8C9D-478F-BCE6-6AF130C150F4}.Debug|Any CPU.Build.0 = Debug|Any CPU
		{0E9630A6-8C9D-478F-BCE6-6AF130C150F4}.Release|Any CPU.ActiveCfg = Release|Any CPU
		{0E9630A6-8C9D-478F-BCE6-6AF130C150F4}.Release|Any CPU.Build.0 = Release|Any CPU
	EndGlobalSection
	GlobalSection(SolutionProperties) = preSolution
		HideSolutionNode = FALSE
	EndGlobalSection
	GlobalSection(ExtensibilityGlobals) = postSolution
		SolutionGuid = {F78FCF79-4126-4E95-B65D-133D8F4B6582}
	EndGlobalSection
EndGlobal
